
Microsoft Visual Studio Solution File, Format Version 12.00
# Visual Studio 15
VisualStudioVersion = 15.0.28307.779
MinimumVisualStudioVersion = 10.0.40219.1
Project("{FAE04EC0-301F-11D3-BF4B-00C04F79EFBC}") = "NewPr", "NewPr\NewPr.csproj", "{361D60E9-4051-49AC-85EE-1CAC23E8916E}"
EndProject
Global
	GlobalSection(SolutionConfigurationPlatforms) = preSolution
		Debug|Any CPU = Debug|Any CPU
		Release|Any CPU = Release|Any CPU
	EndGlobalSection
	GlobalSection(ProjectConfigurationPlatforms) = postSolution
		{361D60E9-4051-49AC-85EE-1CAC23E8916E}.Debug|Any CPU.ActiveCfg = Debug|Any CPU
		{361D60E9-4051-49AC-85EE-1CAC23E8916E}.Debug|Any CPU.Build.0 = Debug|Any CPU
		{361D60E9-4051-49AC-85EE-1CAC23E8916E}.Release|Any CPU.ActiveCfg = Release|Any CPU
		{361D60E9-4051-49AC-85EE-1CAC23E8916E}.Release|Any CPU.Build.0 = Release|Any CPU
	EndGlobalSection
	GlobalSection(SolutionProperties) = preSolution
		HideSolutionNode = FALSE
	EndGlobalSection
	GlobalSection(ExtensibilityGlobals) = postSolution
		SolutionGuid = {E7F9F45F-15DB-4AF7-A04A-B5798545A57D}
	EndGlobalSection
EndGlobal
